
Microsoft Visual Studio Solution File, Format Version 12.00
# Visual Studio Version 17
VisualStudioVersion = 17.9.34902.65
MinimumVisualStudioVersion = 10.0.40219.1
Project("{9A19103F-16F7-4668-BE54-9A1E7A4F7556}") = "WeatherForecastProvider", "WeatherForecastProvider.csproj", "{264F4A2B-D83B-4F5A-AEDE-2FAC0CEFE2F4}"
EndProject
Project("{FAE04EC0-301F-11D3-BF4B-00C04F79EFBC}") = "WeatherForecastProviderTests", "..\WeatherForecastProviderTests\WeatherForecastProviderTests.csproj", "{CFA07FDE-0C79-42A2-A406-294871F43161}"
EndProject
Global
	GlobalSection(SolutionConfigurationPlatforms) = preSolution
		Debug|Any CPU = Debug|Any CPU
		Release|Any CPU = Release|Any CPU
	EndGlobalSection
	GlobalSection(ProjectConfigurationPlatforms) = postSolution
		{264F4A2B-D83B-4F5A-AEDE-2FAC0CEFE2F4}.Debug|Any CPU.ActiveCfg = Debug|Any CPU
		{264F4A2B-D83B-4F5A-AEDE-2FAC0CEFE2F4}.Debug|Any CPU.Build.0 = Debug|Any CPU
		{264F4A2B-D83B-4F5A-AEDE-2FAC0CEFE2F4}.Release|Any CPU.ActiveCfg = Release|Any CPU
		{264F4A2B-D83B-4F5A-AEDE-2FAC0CEFE2F4}.Release|Any CPU.Build.0 = Release|Any CPU
		{CFA07FDE-0C79-42A2-A406-294871F43161}.Debug|Any CPU.ActiveCfg = Debug|Any CPU
		{CFA07FDE-0C79-42A2-A406-294871F43161}.Debug|Any CPU.Build.0 = Debug|Any CPU
		{CFA07FDE-0C79-42A2-A406-294871F43161}.Release|Any CPU.ActiveCfg = Release|Any CPU
		{CFA07FDE-0C79-42A2-A406-294871F43161}.Release|Any CPU.Build.0 = Release|Any CPU
	EndGlobalSection
	GlobalSection(SolutionProperties) = preSolution
		HideSolutionNode = FALSE
	EndGlobalSection
	GlobalSection(ExtensibilityGlobals) = postSolution
		SolutionGuid = {3BE6F4EE-426B-4F9D-B645-E9F75BA6DDEC}
	EndGlobalSection
EndGlobal
